{
  "version": 4,
  "terraform_version": "1.0.3",
  "serial": 3,
  "lineage": "f4b738a8-244b-2347-f01f-7b3b98e09a5b",
  "outputs": {},
  "resources": [
    {
      "mode": "managed",
      "type": "aws_codecommit_repository",
      "name": "terraform_repo",
      "provider": "provider[\"registry.terraform.io/hashicorp/aws\"]",
      "instances": [
        {
          "schema_version": 0,
          "attributes": {
            "arn": "arn:aws:codecommit:us-east-2:284117780966:terraform_repo",
            "clone_url_http": "https://git-codecommit.us-east-2.amazonaws.com/v1/repos/terraform_repo",
            "clone_url_ssh": "ssh://git-codecommit.us-east-2.amazonaws.com/v1/repos/terraform_repo",
            "default_branch": null,
            "description": "Git repo to store Terraform scripts",
            "id": "terraform_repo",
            "repository_id": "8530488f-3067-4652-befc-8395e2e806ed",
            "repository_name": "terraform_repo",
            "tags": null,
            "tags_all": {}
          },
          "sensitive_attributes": [],
          "private": "bnVsbA=="
        }
      ]
    }
  ]
}
